
Microsoft Visual Studio Solution File, Format Version 12.00
# Visual Studio Version 16
VisualStudioVersion = 16.0.29905.134
MinimumVisualStudioVersion = 10.0.40219.1
Project("{FAE04EC0-301F-11D3-BF4B-00C04F79EFBC}") = "BasicCosmosDB2", "BasicCosmosDB2\BasicCosmosDB2.csproj", "{D1289736-F2F9-451E-9966-F310939BEE15}"
EndProject
Project("{2150E333-8FDC-42A3-9474-1A3956D46DE8}") = "Infra", "Infra", "{6E930D93-E40F-45AB-863A-BABD946E6EB1}"
	ProjectSection(SolutionItems) = preProject
		CreateCosmosDb.sh = CreateCosmosDb.sh
	EndProjectSection
EndProject
Global
	GlobalSection(SolutionConfigurationPlatforms) = preSolution
		Debug|Any CPU = Debug|Any CPU
		Release|Any CPU = Release|Any CPU
	EndGlobalSection
	GlobalSection(ProjectConfigurationPlatforms) = postSolution
		{D1289736-F2F9-451E-9966-F310939BEE15}.Debug|Any CPU.ActiveCfg = Debug|Any CPU
		{D1289736-F2F9-451E-9966-F310939BEE15}.Debug|Any CPU.Build.0 = Debug|Any CPU
		{D1289736-F2F9-451E-9966-F310939BEE15}.Release|Any CPU.ActiveCfg = Release|Any CPU
		{D1289736-F2F9-451E-9966-F310939BEE15}.Release|Any CPU.Build.0 = Release|Any CPU
	EndGlobalSection
	GlobalSection(SolutionProperties) = preSolution
		HideSolutionNode = FALSE
	EndGlobalSection
	GlobalSection(ExtensibilityGlobals) = postSolution
		SolutionGuid = {AD37B2A3-65D6-414D-AD83-AD82682C7F18}
	EndGlobalSection
EndGlobal
