
Microsoft Visual Studio Solution File, Format Version 12.00
# Visual Studio Version 16
VisualStudioVersion = 16.0.30717.126
MinimumVisualStudioVersion = 10.0.40219.1
Project("{FAE04EC0-301F-11D3-BF4B-00C04F79EFBC}") = "NetFrameworkWebjob", "NetFrameworkWebjob\NetFrameworkWebjob.csproj", "{564797B5-A076-49CA-9A8B-DB110565FCE5}"
EndProject
Project("{FAE04EC0-301F-11D3-BF4B-00C04F79EFBC}") = "NetCoreWebJob", "NetCoreWebJob\NetCoreWebJob.csproj", "{5B4C0FBA-3BDC-4901-827D-E8ECD605DF2D}"
EndProject
Global
	GlobalSection(SolutionConfigurationPlatforms) = preSolution
		Debug|Any CPU = Debug|Any CPU
		Release|Any CPU = Release|Any CPU
	EndGlobalSection
	GlobalSection(ProjectConfigurationPlatforms) = postSolution
		{564797B5-A076-49CA-9A8B-DB110565FCE5}.Debug|Any CPU.ActiveCfg = Debug|Any CPU
		{564797B5-A076-49CA-9A8B-DB110565FCE5}.Debug|Any CPU.Build.0 = Debug|Any CPU
		{564797B5-A076-49CA-9A8B-DB110565FCE5}.Release|Any CPU.ActiveCfg = Release|Any CPU
		{564797B5-A076-49CA-9A8B-DB110565FCE5}.Release|Any CPU.Build.0 = Release|Any CPU
		{5B4C0FBA-3BDC-4901-827D-E8ECD605DF2D}.Debug|Any CPU.ActiveCfg = Debug|Any CPU
		{5B4C0FBA-3BDC-4901-827D-E8ECD605DF2D}.Debug|Any CPU.Build.0 = Debug|Any CPU
		{5B4C0FBA-3BDC-4901-827D-E8ECD605DF2D}.Release|Any CPU.ActiveCfg = Release|Any CPU
		{5B4C0FBA-3BDC-4901-827D-E8ECD605DF2D}.Release|Any CPU.Build.0 = Release|Any CPU
	EndGlobalSection
	GlobalSection(SolutionProperties) = preSolution
		HideSolutionNode = FALSE
	EndGlobalSection
	GlobalSection(ExtensibilityGlobals) = postSolution
		SolutionGuid = {F0A0C201-ECCC-420B-82FD-25643691AF26}
	EndGlobalSection
EndGlobal
