
Microsoft Visual Studio Solution File, Format Version 12.00
# Visual Studio Version 16
VisualStudioVersion = 16.0.29905.134
MinimumVisualStudioVersion = 10.0.40219.1
Project("{FAE04EC0-301F-11D3-BF4B-00C04F79EFBC}") = "DBOperations", "DBOperations\DBOperations.csproj", "{03B2261D-8387-4579-A64A-2FA0EA105273}"
EndProject
Global
	GlobalSection(SolutionConfigurationPlatforms) = preSolution
		Debug|Any CPU = Debug|Any CPU
		Release|Any CPU = Release|Any CPU
	EndGlobalSection
	GlobalSection(ProjectConfigurationPlatforms) = postSolution
		{03B2261D-8387-4579-A64A-2FA0EA105273}.Debug|Any CPU.ActiveCfg = Debug|Any CPU
		{03B2261D-8387-4579-A64A-2FA0EA105273}.Debug|Any CPU.Build.0 = Debug|Any CPU
		{03B2261D-8387-4579-A64A-2FA0EA105273}.Release|Any CPU.ActiveCfg = Release|Any CPU
		{03B2261D-8387-4579-A64A-2FA0EA105273}.Release|Any CPU.Build.0 = Release|Any CPU
	EndGlobalSection
	GlobalSection(SolutionProperties) = preSolution
		HideSolutionNode = FALSE
	EndGlobalSection
	GlobalSection(ExtensibilityGlobals) = postSolution
		SolutionGuid = {55C78807-2C47-41FC-BE3B-DEAB0598F6AD}
	EndGlobalSection
EndGlobal
