
Microsoft Visual Studio Solution File, Format Version 12.00
# Visual Studio Version 16
VisualStudioVersion = 16.0.29905.134
MinimumVisualStudioVersion = 10.0.40219.1
Project("{FAE04EC0-301F-11D3-BF4B-00C04F79EFBC}") = "ConsoleApp1", "ConsoleApp1\ConsoleApp1.csproj", "{D9E699F2-4382-441B-B92E-B348C59E1C81}"
EndProject
Project("{FAE04EC0-301F-11D3-BF4B-00C04F79EFBC}") = "ConsoleApp2", "ConsoleApp2\ConsoleApp2.csproj", "{39D87C1C-1091-4054-B89E-E96CAB92BB9C}"
EndProject
Global
	GlobalSection(SolutionConfigurationPlatforms) = preSolution
		Debug|Any CPU = Debug|Any CPU
		Release|Any CPU = Release|Any CPU
	EndGlobalSection
	GlobalSection(ProjectConfigurationPlatforms) = postSolution
		{D9E699F2-4382-441B-B92E-B348C59E1C81}.Debug|Any CPU.ActiveCfg = Debug|Any CPU
		{D9E699F2-4382-441B-B92E-B348C59E1C81}.Debug|Any CPU.Build.0 = Debug|Any CPU
		{D9E699F2-4382-441B-B92E-B348C59E1C81}.Release|Any CPU.ActiveCfg = Release|Any CPU
		{D9E699F2-4382-441B-B92E-B348C59E1C81}.Release|Any CPU.Build.0 = Release|Any CPU
		{39D87C1C-1091-4054-B89E-E96CAB92BB9C}.Debug|Any CPU.ActiveCfg = Debug|Any CPU
		{39D87C1C-1091-4054-B89E-E96CAB92BB9C}.Debug|Any CPU.Build.0 = Debug|Any CPU
		{39D87C1C-1091-4054-B89E-E96CAB92BB9C}.Release|Any CPU.ActiveCfg = Release|Any CPU
		{39D87C1C-1091-4054-B89E-E96CAB92BB9C}.Release|Any CPU.Build.0 = Release|Any CPU
	EndGlobalSection
	GlobalSection(SolutionProperties) = preSolution
		HideSolutionNode = FALSE
	EndGlobalSection
	GlobalSection(ExtensibilityGlobals) = postSolution
		SolutionGuid = {FAABC8AF-2052-4E02-9FAA-2B9168E1FCE3}
	EndGlobalSection
EndGlobal
